
Microsoft Visual Studio Solution File, Format Version 12.00
# Visual Studio Version 16
VisualStudioVersion = 25.0.1700.4
MinimumVisualStudioVersion = 10.0.40219.1
Project("{FAE04EC0-301F-11D3-BF4B-00C04F79EFBC}") = "MethodExercise", "MethodExercise\MethodExercise.csproj", "{570252DA-56B5-4B9A-8425-C4E97BCA110A}"
EndProject
Global
	GlobalSection(SolutionConfigurationPlatforms) = preSolution
		Debug|Any CPU = Debug|Any CPU
		Release|Any CPU = Release|Any CPU
	EndGlobalSection
	GlobalSection(ProjectConfigurationPlatforms) = postSolution
		{570252DA-56B5-4B9A-8425-C4E97BCA110A}.Debug|Any CPU.ActiveCfg = Debug|Any CPU
		{570252DA-56B5-4B9A-8425-C4E97BCA110A}.Debug|Any CPU.Build.0 = Debug|Any CPU
		{570252DA-56B5-4B9A-8425-C4E97BCA110A}.Release|Any CPU.ActiveCfg = Release|Any CPU
		{570252DA-56B5-4B9A-8425-C4E97BCA110A}.Release|Any CPU.Build.0 = Release|Any CPU
	EndGlobalSection
	GlobalSection(SolutionProperties) = preSolution
		HideSolutionNode = FALSE
	EndGlobalSection
	GlobalSection(ExtensibilityGlobals) = postSolution
		SolutionGuid = {23EEDEBB-45A4-4077-A4F5-3ED14E633DC0}
	EndGlobalSection
EndGlobal
